<?xml version="1.0" encoding="utf-8"?>
<Project ToolsVersion="4.0" xmlns="http://schemas.microsoft.com/developer/msbuild/2003">
  <ItemGroup>
    <Filter Include="Source Files">
      <UniqueIdentifier>{4FC737F1-C7A5-4376-A066-2A32D752A2FF}</UniqueIdentifier>
      <Extensions>cpp;c;cc;cxx;def;odl;idl;hpj;bat;asm;asmx</Extensions>
    </Filter>
    <Filter Include="Header Files">
      <UniqueIdentifier>{93995380-89BD-4b04-88EB-625FBE52EBFB}</UniqueIdentifier>
      <Extensions>h;hh;hpp;hxx;hm;inl;inc;xsd</Extensions>
    </Filter>
    <Filter Include="Resource Files">
      <UniqueIdentifier>{67DA6AB6-F800-4c08-8B7A-83BB121AAD01}</UniqueIdentifier>
      <Extensions>rc;ico;cur;bmp;dlg;rc2;rct;bin;rgs;gif;jpg;jpeg;jpe;resx;tiff;tif;png;wav;mfcribbon-ms</Extensions>
    </Filter>
    <Filter Include="Shaders">
      <UniqueIdentifier>{bb8d8cf3-a300-4bb2-98c2-392f7aa934aa}</UniqueIdentifier>
      <Extensions>shader</Extensions>
    </Filter>
  </ItemGroup>
  <ItemGroup>
    <ClCompile Include="Main.cpp">
      <Filter>Source Files</Filter>
    </ClCompile>
    <ClCompile Include="EngineDemo.cpp">
      <Filter>Source Files</Filter>
    </ClCompile>
    <ClCompile Include="KeyboardComponent.cpp">
      <Filter>Source Files</Filter>
    </ClCompile>
    <ClCompile Include="MouseComponent.cpp">
      <Filter>Source Files</Filter>
    </ClCompile>
    <ClCompile Include="..\Engine\SoundEngine.cpp">
      <Filter>Source Files</Filter>
    </ClCompile>
    <ClCompile Include="..\Engine\SoundObject.cpp">
      <Filter>Source Files</Filter>
    </ClCompile>
    <ClCompile Include="StarComp.cpp">
      <Filter>Source Files</Filter>
    </ClCompile>
  </ItemGroup>
  <ItemGroup>
    <ClInclude Include="EngineDemo.h">
      <Filter>Header Files</Filter>
    </ClInclude>
    <ClInclude Include="KeyboardComponent.h">
      <Filter>Header Files</Filter>
    </ClInclude>
    <ClInclude Include="MouseComponent.h">
      <Filter>Header Files</Filter>
    </ClInclude>
    <ClInclude Include="..\Engine\SoundEngine.h">
      <Filter>Header Files</Filter>
    </ClInclude>
    <ClInclude Include="..\Engine\SoundObject.h">
      <Filter>Header Files</Filter>
    </ClInclude>
    <ClInclude Include="StarComp.h">
      <Filter>Header Files</Filter>
    </ClInclude>
  </ItemGroup>
  <ItemGroup>
    <None Include="..\Data\Shaders\CelPhong.frag.shader">
      <Filter>Shaders</Filter>
    </None>
    <None Include="..\Data\Shaders\CelPhong.vert.shader">
      <Filter>Shaders</Filter>
    </None>
    <None Include="..\Data\Shaders\Debug.Frag.shader">
      <Filter>Shaders</Filter>
    </None>
    <None Include="..\Data\Shaders\Debug.Vert.shader">
      <Filter>Shaders</Filter>
    </None>
    <None Include="..\Data\Shaders\MultiplePhong.frag.shader">
      <Filter>Shaders</Filter>
    </None>
    <None Include="..\Data\Shaders\MultiplePhong.vert.shader">
      <Filter>Shaders</Filter>
    </None>
    <None Include="..\Data\Shaders\PC.frag.shader">
      <Filter>Shaders</Filter>
    </None>
    <None Include="..\Data\Shaders\PC.vert.shader">
      <Filter>Shaders</Filter>
    </None>
    <None Include="..\Data\Shaders\PhongPhong.frag.shader">
      <Filter>Shaders</Filter>
    </None>
    <None Include="..\Data\Shaders\PhongPhong.vert.shader">
      <Filter>Shaders</Filter>
    </None>
    <None Include="..\Data\Shaders\SimpleTexture.frag.shader">
      <Filter>Shaders</Filter>
    </None>
    <None Include="..\Data\Shaders\SimpleTexture.vert.shader">
      <Filter>Shaders</Filter>
    </None>
    <None Include="..\Data\Shaders\SkyBox.frag.shader">
      <Filter>Shaders</Filter>
    </None>
    <None Include="..\Data\Shaders\SkyBox.vert.shader">
      <Filter>Shaders</Filter>
    </None>
    <None Include="..\Data\Shaders\Text.frag.shader">
      <Filter>Shaders</Filter>
    </None>
    <None Include="..\Data\Shaders\Text.vert.shader">
      <Filter>Shaders</Filter>
    </None>
    <None Include="..\Data\Shaders\DebugInstanced.Frag.shader">
      <Filter>Shaders</Filter>
    </None>
    <None Include="..\Data\Shaders\DebugInstanced.Vert.shader">
      <Filter>Shaders</Filter>
    </None>
  </ItemGroup>
</Project>